
Microsoft Visual Studio Solution File, Format Version 12.00
# Visual Studio Version 16
VisualStudioVersion = 16.0.30717.126
MinimumVisualStudioVersion = 10.0.40219.1
Project("{FAE04EC0-301F-11D3-BF4B-00C04F79EFBC}") = "CountryExercise", "CountryExercise\CountryExercise.csproj", "{686CEA4F-9AE4-4CF2-98FB-38BE1800E62E}"
EndProject
Global
	GlobalSection(SolutionConfigurationPlatforms) = preSolution
		Debug|Any CPU = Debug|Any CPU
		Release|Any CPU = Release|Any CPU
	EndGlobalSection
	GlobalSection(ProjectConfigurationPlatforms) = postSolution
		{686CEA4F-9AE4-4CF2-98FB-38BE1800E62E}.Debug|Any CPU.ActiveCfg = Debug|Any CPU
		{686CEA4F-9AE4-4CF2-98FB-38BE1800E62E}.Debug|Any CPU.Build.0 = Debug|Any CPU
		{686CEA4F-9AE4-4CF2-98FB-38BE1800E62E}.Release|Any CPU.ActiveCfg = Release|Any CPU
		{686CEA4F-9AE4-4CF2-98FB-38BE1800E62E}.Release|Any CPU.Build.0 = Release|Any CPU
	EndGlobalSection
	GlobalSection(SolutionProperties) = preSolution
		HideSolutionNode = FALSE
	EndGlobalSection
	GlobalSection(ExtensibilityGlobals) = postSolution
		SolutionGuid = {C8E7215F-D3E6-4A9C-9C44-29FCE5263F41}
	EndGlobalSection
EndGlobal
