
Microsoft Visual Studio Solution File, Format Version 12.00
# Visual Studio Version 16
VisualStudioVersion = 16.0.30717.126
MinimumVisualStudioVersion = 10.0.40219.1
Project("{FAE04EC0-301F-11D3-BF4B-00C04F79EFBC}") = "EscapeSequences", "EscapeSequences\EscapeSequences.csproj", "{D32C4C57-93F1-493C-AFB1-8D2E14567C18}"
EndProject
Global
	GlobalSection(SolutionConfigurationPlatforms) = preSolution
		Debug|Any CPU = Debug|Any CPU
		Release|Any CPU = Release|Any CPU
	EndGlobalSection
	GlobalSection(ProjectConfigurationPlatforms) = postSolution
		{D32C4C57-93F1-493C-AFB1-8D2E14567C18}.Debug|Any CPU.ActiveCfg = Debug|Any CPU
		{D32C4C57-93F1-493C-AFB1-8D2E14567C18}.Debug|Any CPU.Build.0 = Debug|Any CPU
		{D32C4C57-93F1-493C-AFB1-8D2E14567C18}.Release|Any CPU.ActiveCfg = Release|Any CPU
		{D32C4C57-93F1-493C-AFB1-8D2E14567C18}.Release|Any CPU.Build.0 = Release|Any CPU
	EndGlobalSection
	GlobalSection(SolutionProperties) = preSolution
		HideSolutionNode = FALSE
	EndGlobalSection
	GlobalSection(ExtensibilityGlobals) = postSolution
		SolutionGuid = {C04EFECC-5006-4ED9-A742-DD02A14F1035}
	EndGlobalSection
EndGlobal
