
Microsoft Visual Studio Solution File, Format Version 12.00
# Visual Studio Version 16
VisualStudioVersion = 16.0.30717.126
MinimumVisualStudioVersion = 10.0.40219.1
Project("{FAE04EC0-301F-11D3-BF4B-00C04F79EFBC}") = "NestedClasses", "NestedClasses\NestedClasses.csproj", "{FE2F9DE0-C32F-4DA6-B808-774777651D4F}"
EndProject
Global
	GlobalSection(SolutionConfigurationPlatforms) = preSolution
		Debug|Any CPU = Debug|Any CPU
		Release|Any CPU = Release|Any CPU
	EndGlobalSection
	GlobalSection(ProjectConfigurationPlatforms) = postSolution
		{FE2F9DE0-C32F-4DA6-B808-774777651D4F}.Debug|Any CPU.ActiveCfg = Debug|Any CPU
		{FE2F9DE0-C32F-4DA6-B808-774777651D4F}.Debug|Any CPU.Build.0 = Debug|Any CPU
		{FE2F9DE0-C32F-4DA6-B808-774777651D4F}.Release|Any CPU.ActiveCfg = Release|Any CPU
		{FE2F9DE0-C32F-4DA6-B808-774777651D4F}.Release|Any CPU.Build.0 = Release|Any CPU
	EndGlobalSection
	GlobalSection(SolutionProperties) = preSolution
		HideSolutionNode = FALSE
	EndGlobalSection
	GlobalSection(ExtensibilityGlobals) = postSolution
		SolutionGuid = {33588AAA-39FD-40AF-984D-9F7F2C108AEF}
	EndGlobalSection
EndGlobal
