
Microsoft Visual Studio Solution File, Format Version 12.00
# Visual Studio Version 16
VisualStudioVersion = 16.0.30907.101
MinimumVisualStudioVersion = 10.0.40219.1
Project("{FAE04EC0-301F-11D3-BF4B-00C04F79EFBC}") = "ParamsKeyword", "ParamsKeyword\ParamsKeyword.csproj", "{D2A716E5-C2C5-44A1-BEE3-3B9925C5BB7A}"
EndProject
Global
	GlobalSection(SolutionConfigurationPlatforms) = preSolution
		Debug|Any CPU = Debug|Any CPU
		Release|Any CPU = Release|Any CPU
	EndGlobalSection
	GlobalSection(ProjectConfigurationPlatforms) = postSolution
		{D2A716E5-C2C5-44A1-BEE3-3B9925C5BB7A}.Debug|Any CPU.ActiveCfg = Debug|Any CPU
		{D2A716E5-C2C5-44A1-BEE3-3B9925C5BB7A}.Debug|Any CPU.Build.0 = Debug|Any CPU
		{D2A716E5-C2C5-44A1-BEE3-3B9925C5BB7A}.Release|Any CPU.ActiveCfg = Release|Any CPU
		{D2A716E5-C2C5-44A1-BEE3-3B9925C5BB7A}.Release|Any CPU.Build.0 = Release|Any CPU
	EndGlobalSection
	GlobalSection(SolutionProperties) = preSolution
		HideSolutionNode = FALSE
	EndGlobalSection
	GlobalSection(ExtensibilityGlobals) = postSolution
		SolutionGuid = {AAA49630-BAFD-4EA5-AF0B-5596E70CF07D}
	EndGlobalSection
EndGlobal
