
Microsoft Visual Studio Solution File, Format Version 12.00
# Visual Studio Version 16
VisualStudioVersion = 16.0.30907.101
MinimumVisualStudioVersion = 10.0.40219.1
Project("{FAE04EC0-301F-11D3-BF4B-00C04F79EFBC}") = "ListApp", "ListApp\ListApp.csproj", "{2984BE23-BDC0-4CD6-9362-5B99E7BDD12F}"
EndProject
Global
	GlobalSection(SolutionConfigurationPlatforms) = preSolution
		Debug|Any CPU = Debug|Any CPU
		Release|Any CPU = Release|Any CPU
	EndGlobalSection
	GlobalSection(ProjectConfigurationPlatforms) = postSolution
		{2984BE23-BDC0-4CD6-9362-5B99E7BDD12F}.Debug|Any CPU.ActiveCfg = Debug|Any CPU
		{2984BE23-BDC0-4CD6-9362-5B99E7BDD12F}.Debug|Any CPU.Build.0 = Debug|Any CPU
		{2984BE23-BDC0-4CD6-9362-5B99E7BDD12F}.Release|Any CPU.ActiveCfg = Release|Any CPU
		{2984BE23-BDC0-4CD6-9362-5B99E7BDD12F}.Release|Any CPU.Build.0 = Release|Any CPU
	EndGlobalSection
	GlobalSection(SolutionProperties) = preSolution
		HideSolutionNode = FALSE
	EndGlobalSection
	GlobalSection(ExtensibilityGlobals) = postSolution
		SolutionGuid = {683913F7-DDDF-484A-8048-BD5C994B3D69}
	EndGlobalSection
EndGlobal
