
Microsoft Visual Studio Solution File, Format Version 12.00
# Visual Studio Version 16
VisualStudioVersion = 16.0.30907.101
MinimumVisualStudioVersion = 10.0.40219.1
Project("{FAE04EC0-301F-11D3-BF4B-00C04F79EFBC}") = "NestedValueTuple", "NestedValueTuple\NestedValueTuple.csproj", "{B80BAAD3-DD94-4139-B1E6-CFA20EE9E53F}"
EndProject
Global
	GlobalSection(SolutionConfigurationPlatforms) = preSolution
		Debug|Any CPU = Debug|Any CPU
		Release|Any CPU = Release|Any CPU
	EndGlobalSection
	GlobalSection(ProjectConfigurationPlatforms) = postSolution
		{B80BAAD3-DD94-4139-B1E6-CFA20EE9E53F}.Debug|Any CPU.ActiveCfg = Debug|Any CPU
		{B80BAAD3-DD94-4139-B1E6-CFA20EE9E53F}.Debug|Any CPU.Build.0 = Debug|Any CPU
		{B80BAAD3-DD94-4139-B1E6-CFA20EE9E53F}.Release|Any CPU.ActiveCfg = Release|Any CPU
		{B80BAAD3-DD94-4139-B1E6-CFA20EE9E53F}.Release|Any CPU.Build.0 = Release|Any CPU
	EndGlobalSection
	GlobalSection(SolutionProperties) = preSolution
		HideSolutionNode = FALSE
	EndGlobalSection
	GlobalSection(ExtensibilityGlobals) = postSolution
		SolutionGuid = {6C72C64D-3DF1-40CC-B0C3-DE5616639AD7}
	EndGlobalSection
EndGlobal
