
Microsoft Visual Studio Solution File, Format Version 12.00
# Visual Studio Version 16
VisualStudioVersion = 16.0.30907.101
MinimumVisualStudioVersion = 10.0.40219.1
Project("{FAE04EC0-301F-11D3-BF4B-00C04F79EFBC}") = "OptionalArguments", "OptionalArguments\OptionalArguments.csproj", "{73DB8E58-8311-47FE-85C1-100CB8F4ECCD}"
EndProject
Global
	GlobalSection(SolutionConfigurationPlatforms) = preSolution
		Debug|Any CPU = Debug|Any CPU
		Release|Any CPU = Release|Any CPU
	EndGlobalSection
	GlobalSection(ProjectConfigurationPlatforms) = postSolution
		{73DB8E58-8311-47FE-85C1-100CB8F4ECCD}.Debug|Any CPU.ActiveCfg = Debug|Any CPU
		{73DB8E58-8311-47FE-85C1-100CB8F4ECCD}.Debug|Any CPU.Build.0 = Debug|Any CPU
		{73DB8E58-8311-47FE-85C1-100CB8F4ECCD}.Release|Any CPU.ActiveCfg = Release|Any CPU
		{73DB8E58-8311-47FE-85C1-100CB8F4ECCD}.Release|Any CPU.Build.0 = Release|Any CPU
	EndGlobalSection
	GlobalSection(SolutionProperties) = preSolution
		HideSolutionNode = FALSE
	EndGlobalSection
	GlobalSection(ExtensibilityGlobals) = postSolution
		SolutionGuid = {333F9772-4291-45FB-B72C-87D76D70F7E0}
	EndGlobalSection
EndGlobal
