
Microsoft Visual Studio Solution File, Format Version 12.00
# Visual Studio Version 16
VisualStudioVersion = 16.0.30717.126
MinimumVisualStudioVersion = 10.0.40219.1
Project("{FAE04EC0-301F-11D3-BF4B-00C04F79EFBC}") = "weekdays_and_colors", "weekdays_and_colors\weekdays_and_colors.csproj", "{B4735913-DA63-4EF5-A0D8-C84AFED8E9E1}"
EndProject
Global
	GlobalSection(SolutionConfigurationPlatforms) = preSolution
		Debug|Any CPU = Debug|Any CPU
		Release|Any CPU = Release|Any CPU
	EndGlobalSection
	GlobalSection(ProjectConfigurationPlatforms) = postSolution
		{B4735913-DA63-4EF5-A0D8-C84AFED8E9E1}.Debug|Any CPU.ActiveCfg = Debug|Any CPU
		{B4735913-DA63-4EF5-A0D8-C84AFED8E9E1}.Debug|Any CPU.Build.0 = Debug|Any CPU
		{B4735913-DA63-4EF5-A0D8-C84AFED8E9E1}.Release|Any CPU.ActiveCfg = Release|Any CPU
		{B4735913-DA63-4EF5-A0D8-C84AFED8E9E1}.Release|Any CPU.Build.0 = Release|Any CPU
	EndGlobalSection
	GlobalSection(SolutionProperties) = preSolution
		HideSolutionNode = FALSE
	EndGlobalSection
	GlobalSection(ExtensibilityGlobals) = postSolution
		SolutionGuid = {0E62F942-4B84-4621-82A7-EF01862E01EF}
	EndGlobalSection
EndGlobal
