
Microsoft Visual Studio Solution File, Format Version 12.00
# Visual Studio Version 16
VisualStudioVersion = 16.0.30907.101
MinimumVisualStudioVersion = 10.0.40219.1
Project("{FAE04EC0-301F-11D3-BF4B-00C04F79EFBC}") = "MultidimensionalArrays", "MultidimensionalArrays\MultidimensionalArrays.csproj", "{8CD3E8AD-83E4-4EC1-BFB5-931CA9C644E3}"
EndProject
Global
	GlobalSection(SolutionConfigurationPlatforms) = preSolution
		Debug|Any CPU = Debug|Any CPU
		Release|Any CPU = Release|Any CPU
	EndGlobalSection
	GlobalSection(ProjectConfigurationPlatforms) = postSolution
		{8CD3E8AD-83E4-4EC1-BFB5-931CA9C644E3}.Debug|Any CPU.ActiveCfg = Debug|Any CPU
		{8CD3E8AD-83E4-4EC1-BFB5-931CA9C644E3}.Debug|Any CPU.Build.0 = Debug|Any CPU
		{8CD3E8AD-83E4-4EC1-BFB5-931CA9C644E3}.Release|Any CPU.ActiveCfg = Release|Any CPU
		{8CD3E8AD-83E4-4EC1-BFB5-931CA9C644E3}.Release|Any CPU.Build.0 = Release|Any CPU
	EndGlobalSection
	GlobalSection(SolutionProperties) = preSolution
		HideSolutionNode = FALSE
	EndGlobalSection
	GlobalSection(ExtensibilityGlobals) = postSolution
		SolutionGuid = {B8FF81C1-E115-4072-B3A4-A4364AFB46B9}
	EndGlobalSection
EndGlobal
