
Microsoft Visual Studio Solution File, Format Version 12.00
# Visual Studio Version 16
VisualStudioVersion = 16.0.30907.101
MinimumVisualStudioVersion = 10.0.40219.1
Project("{FAE04EC0-301F-11D3-BF4B-00C04F79EFBC}") = "ParmeterizedThreadApp", "ParmeterizedThreadApp\ParmeterizedThreadApp.csproj", "{C62A8D89-DA62-4408-83EF-DC021F9F2944}"
EndProject
Global
	GlobalSection(SolutionConfigurationPlatforms) = preSolution
		Debug|Any CPU = Debug|Any CPU
		Release|Any CPU = Release|Any CPU
	EndGlobalSection
	GlobalSection(ProjectConfigurationPlatforms) = postSolution
		{C62A8D89-DA62-4408-83EF-DC021F9F2944}.Debug|Any CPU.ActiveCfg = Debug|Any CPU
		{C62A8D89-DA62-4408-83EF-DC021F9F2944}.Debug|Any CPU.Build.0 = Debug|Any CPU
		{C62A8D89-DA62-4408-83EF-DC021F9F2944}.Release|Any CPU.ActiveCfg = Release|Any CPU
		{C62A8D89-DA62-4408-83EF-DC021F9F2944}.Release|Any CPU.Build.0 = Release|Any CPU
	EndGlobalSection
	GlobalSection(SolutionProperties) = preSolution
		HideSolutionNode = FALSE
	EndGlobalSection
	GlobalSection(ExtensibilityGlobals) = postSolution
		SolutionGuid = {FCD0F5BC-8A48-4C42-9911-60684A8E05A2}
	EndGlobalSection
EndGlobal
