
Microsoft Visual Studio Solution File, Format Version 12.00
# Visual Studio Version 16
VisualStudioVersion = 16.0.30907.101
MinimumVisualStudioVersion = 10.0.40219.1
Project("{FAE04EC0-301F-11D3-BF4B-00C04F79EFBC}") = "ValueTupleApp", "ValueTupleApp\ValueTupleApp.csproj", "{BA4389B8-A3B2-4522-A119-E443ACCEBBBF}"
EndProject
Global
	GlobalSection(SolutionConfigurationPlatforms) = preSolution
		Debug|Any CPU = Debug|Any CPU
		Release|Any CPU = Release|Any CPU
	EndGlobalSection
	GlobalSection(ProjectConfigurationPlatforms) = postSolution
		{BA4389B8-A3B2-4522-A119-E443ACCEBBBF}.Debug|Any CPU.ActiveCfg = Debug|Any CPU
		{BA4389B8-A3B2-4522-A119-E443ACCEBBBF}.Debug|Any CPU.Build.0 = Debug|Any CPU
		{BA4389B8-A3B2-4522-A119-E443ACCEBBBF}.Release|Any CPU.ActiveCfg = Release|Any CPU
		{BA4389B8-A3B2-4522-A119-E443ACCEBBBF}.Release|Any CPU.Build.0 = Release|Any CPU
	EndGlobalSection
	GlobalSection(SolutionProperties) = preSolution
		HideSolutionNode = FALSE
	EndGlobalSection
	GlobalSection(ExtensibilityGlobals) = postSolution
		SolutionGuid = {ABF8B7D2-7F5F-428C-8FDA-3B9B7CF7D848}
	EndGlobalSection
EndGlobal
