
Microsoft Visual Studio Solution File, Format Version 12.00
# Visual Studio Version 16
VisualStudioVersion = 16.0.30907.101
MinimumVisualStudioVersion = 10.0.40219.1
Project("{FAE04EC0-301F-11D3-BF4B-00C04F79EFBC}") = "NullableTypes", "NullableTypes\NullableTypes.csproj", "{31031459-8C92-4F0F-A3D5-000E6A793AC4}"
EndProject
Global
	GlobalSection(SolutionConfigurationPlatforms) = preSolution
		Debug|Any CPU = Debug|Any CPU
		Release|Any CPU = Release|Any CPU
	EndGlobalSection
	GlobalSection(ProjectConfigurationPlatforms) = postSolution
		{31031459-8C92-4F0F-A3D5-000E6A793AC4}.Debug|Any CPU.ActiveCfg = Debug|Any CPU
		{31031459-8C92-4F0F-A3D5-000E6A793AC4}.Debug|Any CPU.Build.0 = Debug|Any CPU
		{31031459-8C92-4F0F-A3D5-000E6A793AC4}.Release|Any CPU.ActiveCfg = Release|Any CPU
		{31031459-8C92-4F0F-A3D5-000E6A793AC4}.Release|Any CPU.Build.0 = Release|Any CPU
	EndGlobalSection
	GlobalSection(SolutionProperties) = preSolution
		HideSolutionNode = FALSE
	EndGlobalSection
	GlobalSection(ExtensibilityGlobals) = postSolution
		SolutionGuid = {7C9CFA9A-7509-478E-A058-97DDBA6AF86A}
	EndGlobalSection
EndGlobal
