
Microsoft Visual Studio Solution File, Format Version 12.00
# Visual Studio Version 16
VisualStudioVersion = 16.0.30907.101
MinimumVisualStudioVersion = 10.0.40219.1
Project("{FAE04EC0-301F-11D3-BF4B-00C04F79EFBC}") = "KeyValuePairApp", "KeyValuePairApp\KeyValuePairApp.csproj", "{2E11237B-B2E4-48D7-ADF3-7E5D4ED36A53}"
EndProject
Global
	GlobalSection(SolutionConfigurationPlatforms) = preSolution
		Debug|Any CPU = Debug|Any CPU
		Release|Any CPU = Release|Any CPU
	EndGlobalSection
	GlobalSection(ProjectConfigurationPlatforms) = postSolution
		{2E11237B-B2E4-48D7-ADF3-7E5D4ED36A53}.Debug|Any CPU.ActiveCfg = Debug|Any CPU
		{2E11237B-B2E4-48D7-ADF3-7E5D4ED36A53}.Debug|Any CPU.Build.0 = Debug|Any CPU
		{2E11237B-B2E4-48D7-ADF3-7E5D4ED36A53}.Release|Any CPU.ActiveCfg = Release|Any CPU
		{2E11237B-B2E4-48D7-ADF3-7E5D4ED36A53}.Release|Any CPU.Build.0 = Release|Any CPU
	EndGlobalSection
	GlobalSection(SolutionProperties) = preSolution
		HideSolutionNode = FALSE
	EndGlobalSection
	GlobalSection(ExtensibilityGlobals) = postSolution
		SolutionGuid = {E62B7A87-325C-4198-A5C6-758E7CA59529}
	EndGlobalSection
EndGlobal
