
Microsoft Visual Studio Solution File, Format Version 12.00
# Visual Studio Version 16
VisualStudioVersion = 16.0.30717.126
MinimumVisualStudioVersion = 10.0.40219.1
Project("{FAE04EC0-301F-11D3-BF4B-00C04F79EFBC}") = "wpf_events", "wpf_events\wpf_events.csproj", "{5F0B778B-2396-44D7-8805-D211A46484ED}"
EndProject
Global
	GlobalSection(SolutionConfigurationPlatforms) = preSolution
		Debug|Any CPU = Debug|Any CPU
		Release|Any CPU = Release|Any CPU
	EndGlobalSection
	GlobalSection(ProjectConfigurationPlatforms) = postSolution
		{5F0B778B-2396-44D7-8805-D211A46484ED}.Debug|Any CPU.ActiveCfg = Debug|Any CPU
		{5F0B778B-2396-44D7-8805-D211A46484ED}.Debug|Any CPU.Build.0 = Debug|Any CPU
		{5F0B778B-2396-44D7-8805-D211A46484ED}.Release|Any CPU.ActiveCfg = Release|Any CPU
		{5F0B778B-2396-44D7-8805-D211A46484ED}.Release|Any CPU.Build.0 = Release|Any CPU
	EndGlobalSection
	GlobalSection(SolutionProperties) = preSolution
		HideSolutionNode = FALSE
	EndGlobalSection
	GlobalSection(ExtensibilityGlobals) = postSolution
		SolutionGuid = {75F9E737-7161-4626-9025-704225FF382A}
	EndGlobalSection
EndGlobal
