
Microsoft Visual Studio Solution File, Format Version 12.00
# Visual Studio Version 16
VisualStudioVersion = 16.0.30907.101
MinimumVisualStudioVersion = 10.0.40219.1
Project("{FAE04EC0-301F-11D3-BF4B-00C04F79EFBC}") = "SortedDictionary", "SortedDictionary\SortedDictionary.csproj", "{3BB51304-C618-47AB-A98F-5668E0C0D0EA}"
EndProject
Global
	GlobalSection(SolutionConfigurationPlatforms) = preSolution
		Debug|Any CPU = Debug|Any CPU
		Release|Any CPU = Release|Any CPU
	EndGlobalSection
	GlobalSection(ProjectConfigurationPlatforms) = postSolution
		{3BB51304-C618-47AB-A98F-5668E0C0D0EA}.Debug|Any CPU.ActiveCfg = Debug|Any CPU
		{3BB51304-C618-47AB-A98F-5668E0C0D0EA}.Debug|Any CPU.Build.0 = Debug|Any CPU
		{3BB51304-C618-47AB-A98F-5668E0C0D0EA}.Release|Any CPU.ActiveCfg = Release|Any CPU
		{3BB51304-C618-47AB-A98F-5668E0C0D0EA}.Release|Any CPU.Build.0 = Release|Any CPU
	EndGlobalSection
	GlobalSection(SolutionProperties) = preSolution
		HideSolutionNode = FALSE
	EndGlobalSection
	GlobalSection(ExtensibilityGlobals) = postSolution
		SolutionGuid = {EB49F85A-8611-4D7A-8413-7575F5AEA594}
	EndGlobalSection
EndGlobal
