
Microsoft Visual Studio Solution File, Format Version 12.00
# Visual Studio Version 16
VisualStudioVersion = 16.0.31019.35
MinimumVisualStudioVersion = 10.0.40219.1
Project("{FAE04EC0-301F-11D3-BF4B-00C04F79EFBC}") = "MyFirstRealASPWebApp", "MyFirstRealASPWebApp\MyFirstRealASPWebApp.csproj", "{7FE609E4-23B7-4D03-B140-D5277D685AE1}"
EndProject
Global
	GlobalSection(SolutionConfigurationPlatforms) = preSolution
		Debug|Any CPU = Debug|Any CPU
		Release|Any CPU = Release|Any CPU
	EndGlobalSection
	GlobalSection(ProjectConfigurationPlatforms) = postSolution
		{7FE609E4-23B7-4D03-B140-D5277D685AE1}.Debug|Any CPU.ActiveCfg = Debug|Any CPU
		{7FE609E4-23B7-4D03-B140-D5277D685AE1}.Debug|Any CPU.Build.0 = Debug|Any CPU
		{7FE609E4-23B7-4D03-B140-D5277D685AE1}.Release|Any CPU.ActiveCfg = Release|Any CPU
		{7FE609E4-23B7-4D03-B140-D5277D685AE1}.Release|Any CPU.Build.0 = Release|Any CPU
	EndGlobalSection
	GlobalSection(SolutionProperties) = preSolution
		HideSolutionNode = FALSE
	EndGlobalSection
	GlobalSection(ExtensibilityGlobals) = postSolution
		SolutionGuid = {BC89680D-80F9-493F-8F8A-FE7BD62D533E}
	EndGlobalSection
EndGlobal
