
Microsoft Visual Studio Solution File, Format Version 12.00
# Visual Studio Version 16
VisualStudioVersion = 16.0.30907.101
MinimumVisualStudioVersion = 10.0.40219.1
Project("{FAE04EC0-301F-11D3-BF4B-00C04F79EFBC}") = "TimeSpanApp", "TimeSpanApp\TimeSpanApp.csproj", "{BCC0BD2D-44C7-4C61-8A38-3971489CFBF5}"
EndProject
Global
	GlobalSection(SolutionConfigurationPlatforms) = preSolution
		Debug|Any CPU = Debug|Any CPU
		Release|Any CPU = Release|Any CPU
	EndGlobalSection
	GlobalSection(ProjectConfigurationPlatforms) = postSolution
		{BCC0BD2D-44C7-4C61-8A38-3971489CFBF5}.Debug|Any CPU.ActiveCfg = Debug|Any CPU
		{BCC0BD2D-44C7-4C61-8A38-3971489CFBF5}.Debug|Any CPU.Build.0 = Debug|Any CPU
		{BCC0BD2D-44C7-4C61-8A38-3971489CFBF5}.Release|Any CPU.ActiveCfg = Release|Any CPU
		{BCC0BD2D-44C7-4C61-8A38-3971489CFBF5}.Release|Any CPU.Build.0 = Release|Any CPU
	EndGlobalSection
	GlobalSection(SolutionProperties) = preSolution
		HideSolutionNode = FALSE
	EndGlobalSection
	GlobalSection(ExtensibilityGlobals) = postSolution
		SolutionGuid = {436793E0-263D-45EF-830A-E0C8E600E96F}
	EndGlobalSection
EndGlobal
