
Microsoft Visual Studio Solution File, Format Version 12.00
# Visual Studio Version 16
VisualStudioVersion = 16.0.30907.101
MinimumVisualStudioVersion = 10.0.40219.1
Project("{FAE04EC0-301F-11D3-BF4B-00C04F79EFBC}") = "TasksWithParmeters", "TasksWithParmeters\TasksWithParmeters.csproj", "{E7A0ED40-58BC-4CD8-A7F9-834E7C12CDB3}"
EndProject
Global
	GlobalSection(SolutionConfigurationPlatforms) = preSolution
		Debug|Any CPU = Debug|Any CPU
		Release|Any CPU = Release|Any CPU
	EndGlobalSection
	GlobalSection(ProjectConfigurationPlatforms) = postSolution
		{E7A0ED40-58BC-4CD8-A7F9-834E7C12CDB3}.Debug|Any CPU.ActiveCfg = Debug|Any CPU
		{E7A0ED40-58BC-4CD8-A7F9-834E7C12CDB3}.Debug|Any CPU.Build.0 = Debug|Any CPU
		{E7A0ED40-58BC-4CD8-A7F9-834E7C12CDB3}.Release|Any CPU.ActiveCfg = Release|Any CPU
		{E7A0ED40-58BC-4CD8-A7F9-834E7C12CDB3}.Release|Any CPU.Build.0 = Release|Any CPU
	EndGlobalSection
	GlobalSection(SolutionProperties) = preSolution
		HideSolutionNode = FALSE
	EndGlobalSection
	GlobalSection(ExtensibilityGlobals) = postSolution
		SolutionGuid = {91C1787D-941C-45CB-9BD7-20B8B70465A8}
	EndGlobalSection
EndGlobal
