
Microsoft Visual Studio Solution File, Format Version 12.00
# Visual Studio Version 16
VisualStudioVersion = 16.0.30907.101
MinimumVisualStudioVersion = 10.0.40219.1
Project("{FAE04EC0-301F-11D3-BF4B-00C04F79EFBC}") = "ConcurrentBagApp", "ConcurrentBagApp\ConcurrentBagApp.csproj", "{5EE66F71-AF23-46D6-99EE-AB7FF80CA024}"
EndProject
Global
	GlobalSection(SolutionConfigurationPlatforms) = preSolution
		Debug|Any CPU = Debug|Any CPU
		Release|Any CPU = Release|Any CPU
	EndGlobalSection
	GlobalSection(ProjectConfigurationPlatforms) = postSolution
		{5EE66F71-AF23-46D6-99EE-AB7FF80CA024}.Debug|Any CPU.ActiveCfg = Debug|Any CPU
		{5EE66F71-AF23-46D6-99EE-AB7FF80CA024}.Debug|Any CPU.Build.0 = Debug|Any CPU
		{5EE66F71-AF23-46D6-99EE-AB7FF80CA024}.Release|Any CPU.ActiveCfg = Release|Any CPU
		{5EE66F71-AF23-46D6-99EE-AB7FF80CA024}.Release|Any CPU.Build.0 = Release|Any CPU
	EndGlobalSection
	GlobalSection(SolutionProperties) = preSolution
		HideSolutionNode = FALSE
	EndGlobalSection
	GlobalSection(ExtensibilityGlobals) = postSolution
		SolutionGuid = {FA3F6A2E-2E49-4801-BF26-B1AD0B6BC0DE}
	EndGlobalSection
EndGlobal
