
Microsoft Visual Studio Solution File, Format Version 12.00
# Visual Studio Version 16
VisualStudioVersion = 16.0.30907.101
MinimumVisualStudioVersion = 10.0.40219.1
Project("{FAE04EC0-301F-11D3-BF4B-00C04F79EFBC}") = "LINQMethodSyntax", "LINQMethodSyntax\LINQMethodSyntax.csproj", "{10001BBF-480A-43B4-A212-C5FF8C5BB7C5}"
EndProject
Global
	GlobalSection(SolutionConfigurationPlatforms) = preSolution
		Debug|Any CPU = Debug|Any CPU
		Release|Any CPU = Release|Any CPU
	EndGlobalSection
	GlobalSection(ProjectConfigurationPlatforms) = postSolution
		{10001BBF-480A-43B4-A212-C5FF8C5BB7C5}.Debug|Any CPU.ActiveCfg = Debug|Any CPU
		{10001BBF-480A-43B4-A212-C5FF8C5BB7C5}.Debug|Any CPU.Build.0 = Debug|Any CPU
		{10001BBF-480A-43B4-A212-C5FF8C5BB7C5}.Release|Any CPU.ActiveCfg = Release|Any CPU
		{10001BBF-480A-43B4-A212-C5FF8C5BB7C5}.Release|Any CPU.Build.0 = Release|Any CPU
	EndGlobalSection
	GlobalSection(SolutionProperties) = preSolution
		HideSolutionNode = FALSE
	EndGlobalSection
	GlobalSection(ExtensibilityGlobals) = postSolution
		SolutionGuid = {FF30DA97-A352-4140-930F-79B53F29E0B6}
	EndGlobalSection
EndGlobal
