
Microsoft Visual Studio Solution File, Format Version 12.00
# Visual Studio Version 16
VisualStudioVersion = 16.0.30907.101
MinimumVisualStudioVersion = 10.0.40219.1
Project("{FAE04EC0-301F-11D3-BF4B-00C04F79EFBC}") = "MonitorClassApp", "MonitorClassApp\MonitorClassApp.csproj", "{4DB11487-DF67-4319-BAD3-E0B62FCD2BCC}"
EndProject
Global
	GlobalSection(SolutionConfigurationPlatforms) = preSolution
		Debug|Any CPU = Debug|Any CPU
		Release|Any CPU = Release|Any CPU
	EndGlobalSection
	GlobalSection(ProjectConfigurationPlatforms) = postSolution
		{4DB11487-DF67-4319-BAD3-E0B62FCD2BCC}.Debug|Any CPU.ActiveCfg = Debug|Any CPU
		{4DB11487-DF67-4319-BAD3-E0B62FCD2BCC}.Debug|Any CPU.Build.0 = Debug|Any CPU
		{4DB11487-DF67-4319-BAD3-E0B62FCD2BCC}.Release|Any CPU.ActiveCfg = Release|Any CPU
		{4DB11487-DF67-4319-BAD3-E0B62FCD2BCC}.Release|Any CPU.Build.0 = Release|Any CPU
	EndGlobalSection
	GlobalSection(SolutionProperties) = preSolution
		HideSolutionNode = FALSE
	EndGlobalSection
	GlobalSection(ExtensibilityGlobals) = postSolution
		SolutionGuid = {65A13C48-CDD2-4471-9811-7B315157B88C}
	EndGlobalSection
EndGlobal
