
Microsoft Visual Studio Solution File, Format Version 12.00
# Visual Studio Version 16
VisualStudioVersion = 16.0.30717.126
MinimumVisualStudioVersion = 10.0.40219.1
Project("{FAE04EC0-301F-11D3-BF4B-00C04F79EFBC}") = "Interfaces", "Interfaces\Interfaces.csproj", "{7AF4611F-0D7B-4332-AB4C-BEE23811EBED}"
EndProject
Global
	GlobalSection(SolutionConfigurationPlatforms) = preSolution
		Debug|Any CPU = Debug|Any CPU
		Release|Any CPU = Release|Any CPU
	EndGlobalSection
	GlobalSection(ProjectConfigurationPlatforms) = postSolution
		{7AF4611F-0D7B-4332-AB4C-BEE23811EBED}.Debug|Any CPU.ActiveCfg = Debug|Any CPU
		{7AF4611F-0D7B-4332-AB4C-BEE23811EBED}.Debug|Any CPU.Build.0 = Debug|Any CPU
		{7AF4611F-0D7B-4332-AB4C-BEE23811EBED}.Release|Any CPU.ActiveCfg = Release|Any CPU
		{7AF4611F-0D7B-4332-AB4C-BEE23811EBED}.Release|Any CPU.Build.0 = Release|Any CPU
	EndGlobalSection
	GlobalSection(SolutionProperties) = preSolution
		HideSolutionNode = FALSE
	EndGlobalSection
	GlobalSection(ExtensibilityGlobals) = postSolution
		SolutionGuid = {8F599EAF-00A2-47E3-B046-7FC139EDE0BF}
	EndGlobalSection
EndGlobal
