
Microsoft Visual Studio Solution File, Format Version 12.00
# Visual Studio Version 16
VisualStudioVersion = 16.0.30717.126
MinimumVisualStudioVersion = 10.0.40219.1
Project("{FAE04EC0-301F-11D3-BF4B-00C04F79EFBC}") = "hello_wpf", "hello_wpf\hello_wpf.csproj", "{BEB0E9E8-978A-4FCD-8B6D-108CC131BD04}"
EndProject
Global
	GlobalSection(SolutionConfigurationPlatforms) = preSolution
		Debug|Any CPU = Debug|Any CPU
		Release|Any CPU = Release|Any CPU
	EndGlobalSection
	GlobalSection(ProjectConfigurationPlatforms) = postSolution
		{BEB0E9E8-978A-4FCD-8B6D-108CC131BD04}.Debug|Any CPU.ActiveCfg = Debug|Any CPU
		{BEB0E9E8-978A-4FCD-8B6D-108CC131BD04}.Debug|Any CPU.Build.0 = Debug|Any CPU
		{BEB0E9E8-978A-4FCD-8B6D-108CC131BD04}.Release|Any CPU.ActiveCfg = Release|Any CPU
		{BEB0E9E8-978A-4FCD-8B6D-108CC131BD04}.Release|Any CPU.Build.0 = Release|Any CPU
	EndGlobalSection
	GlobalSection(SolutionProperties) = preSolution
		HideSolutionNode = FALSE
	EndGlobalSection
	GlobalSection(ExtensibilityGlobals) = postSolution
		SolutionGuid = {574EE2EF-8C44-42BF-A04C-0E4740971D07}
	EndGlobalSection
EndGlobal
