
Microsoft Visual Studio Solution File, Format Version 12.00
# Visual Studio Version 16
VisualStudioVersion = 16.0.30907.101
MinimumVisualStudioVersion = 10.0.40219.1
Project("{FAE04EC0-301F-11D3-BF4B-00C04F79EFBC}") = "Methods", "Methods\Methods.csproj", "{96955910-19D7-4A09-A06F-B4436C086D83}"
EndProject
Global
	GlobalSection(SolutionConfigurationPlatforms) = preSolution
		Debug|Any CPU = Debug|Any CPU
		Release|Any CPU = Release|Any CPU
	EndGlobalSection
	GlobalSection(ProjectConfigurationPlatforms) = postSolution
		{96955910-19D7-4A09-A06F-B4436C086D83}.Debug|Any CPU.ActiveCfg = Debug|Any CPU
		{96955910-19D7-4A09-A06F-B4436C086D83}.Debug|Any CPU.Build.0 = Debug|Any CPU
		{96955910-19D7-4A09-A06F-B4436C086D83}.Release|Any CPU.ActiveCfg = Release|Any CPU
		{96955910-19D7-4A09-A06F-B4436C086D83}.Release|Any CPU.Build.0 = Release|Any CPU
	EndGlobalSection
	GlobalSection(SolutionProperties) = preSolution
		HideSolutionNode = FALSE
	EndGlobalSection
	GlobalSection(ExtensibilityGlobals) = postSolution
		SolutionGuid = {13E48DF9-7EF5-44E2-8A60-AEEE41528E68}
	EndGlobalSection
EndGlobal
